
Microsoft Visual Studio Solution File, Format Version 12.00
# Visual Studio Version 17
VisualStudioVersion = 17.2.32414.248
MinimumVisualStudioVersion = 10.0.40219.1
Project("{9A19103F-16F7-4668-BE54-9A1E7A4F7556}") = "ValveResourceFormat", "ValveResourceFormat\ValveResourceFormat.csproj", "{E685E563-5F49-4D8D-8342-A7354229E54F}"
EndProject
Project("{9A19103F-16F7-4668-BE54-9A1E7A4F7556}") = "Decompiler", "Decompiler\Decompiler.csproj", "{5F27DC08-3AE5-495C-8445-43D4E7CABA63}"
EndProject
Project("{9A19103F-16F7-4668-BE54-9A1E7A4F7556}") = "Tests", "Tests\Tests.csproj", "{7B242745-2E9E-4CEB-B71A-076DBE882916}"
EndProject
Project("{9A19103F-16F7-4668-BE54-9A1E7A4F7556}") = "GUI", "GUI\GUI.csproj", "{39C336BB-2ADD-4AB5-A3F0-E4E5E1ACA6A5}"
EndProject
Project("{2150E333-8FDC-42A3-9474-1A3956D46DE8}") = "Solution Items", "Solution Items", "{8212FC22-F105-45DF-853E-9C49E5B3EB58}"
	ProjectSection(SolutionItems) = preProject
		.editorconfig = .editorconfig
	EndProjectSection
EndProject
Project("{2150E333-8FDC-42A3-9474-1A3956D46DE8}") = "GUI2", "GUI2", "{839525EA-8816-4D88-8CD8-9ED4C0C5E5D8}"
EndProject
Project("{9A19103F-16F7-4668-BE54-9A1E7A4F7556}") = "GUI2.Mobile", "GUI2\GUI2.Mobile\GUI2.Mobile.csproj", "{EF6ADEB6-6923-46DE-8C63-EDE209D87855}"
EndProject
Project("{D954291E-2A0B-460D-934E-DC6B0785DB48}") = "GUI2.Shared", "GUI2\GUI2.Shared\GUI2.Shared.shproj", "{6279C845-92F8-4333-AB99-3D213163593C}"
EndProject
Project("{9A19103F-16F7-4668-BE54-9A1E7A4F7556}") = "GUI2.Skia.Gtk", "GUI2\GUI2.Skia.Gtk\GUI2.Skia.Gtk.csproj", "{F6BA8090-C3E2-439B-A8A5-8253940472E1}"
EndProject
Project("{9A19103F-16F7-4668-BE54-9A1E7A4F7556}") = "GUI2.Skia.Linux.FrameBuffer", "GUI2\GUI2.Skia.Linux.FrameBuffer\GUI2.Skia.Linux.FrameBuffer.csproj", "{C72B6871-D331-4119-AD7F-2A1863F640D8}"
EndProject
Project("{9A19103F-16F7-4668-BE54-9A1E7A4F7556}") = "GUI2.Skia.WPF", "GUI2\GUI2.Skia.Wpf\GUI2.Skia.WPF.csproj", "{5ACDA34A-13F8-4C69-886A-B2965810E643}"
EndProject
Project("{9A19103F-16F7-4668-BE54-9A1E7A4F7556}") = "GUI2.Skia.Wpf.Host", "GUI2\GUI2.Skia.Wpf.Host\GUI2.Skia.Wpf.Host.csproj", "{9362E2FB-6B27-4C1C-874D-3EAA942754B8}"
EndProject
Project("{FAE04EC0-301F-11D3-BF4B-00C04F79EFBC}") = "GUI2.Uwp", "GUI2\GUI2.UWP\GUI2.Uwp.csproj", "{3780D3EE-A6D7-4F38-9A1D-2BF8AB0C84B4}"
EndProject
Project("{9A19103F-16F7-4668-BE54-9A1E7A4F7556}") = "GUI2.Wasm", "GUI2\GUI2.Wasm\GUI2.Wasm.csproj", "{5CD14E21-C46B-4981-B55A-612B87250F82}"
EndProject
Project("{9A19103F-16F7-4668-BE54-9A1E7A4F7556}") = "GUI2.Windows", "GUI2\GUI2.Windows\GUI2.Windows.csproj", "{7DED0BFD-CFC8-474A-8332-A0E352DBD1F6}"
EndProject
Global
	GlobalSection(SolutionConfigurationPlatforms) = preSolution
		Debug|Any CPU = Debug|Any CPU
		Debug|ARM = Debug|ARM
		Debug|ARM64 = Debug|ARM64
		Debug|x64 = Debug|x64
		Debug|x86 = Debug|x86
		Release|Any CPU = Release|Any CPU
		Release|ARM = Release|ARM
		Release|ARM64 = Release|ARM64
		Release|x64 = Release|x64
		Release|x86 = Release|x86
	EndGlobalSection
	GlobalSection(ProjectConfigurationPlatforms) = postSolution
		{E685E563-5F49-4D8D-8342-A7354229E54F}.Debug|Any CPU.ActiveCfg = Debug|Any CPU
		{E685E563-5F49-4D8D-8342-A7354229E54F}.Debug|Any CPU.Build.0 = Debug|Any CPU
		{E685E563-5F49-4D8D-8342-A7354229E54F}.Debug|ARM.ActiveCfg = Debug|Any CPU
		{E685E563-5F49-4D8D-8342-A7354229E54F}.Debug|ARM.Build.0 = Debug|Any CPU
		{E685E563-5F49-4D8D-8342-A7354229E54F}.Debug|ARM64.ActiveCfg = Debug|Any CPU
		{E685E563-5F49-4D8D-8342-A7354229E54F}.Debug|ARM64.Build.0 = Debug|Any CPU
		{E685E563-5F49-4D8D-8342-A7354229E54F}.Debug|x64.ActiveCfg = Debug|Any CPU
		{E685E563-5F49-4D8D-8342-A7354229E54F}.Debug|x64.Build.0 = Debug|Any CPU
		{E685E563-5F49-4D8D-8342-A7354229E54F}.Debug|x86.ActiveCfg = Debug|Any CPU
		{E685E563-5F49-4D8D-8342-A7354229E54F}.Debug|x86.Build.0 = Debug|Any CPU
		{E685E563-5F49-4D8D-8342-A7354229E54F}.Release|Any CPU.ActiveCfg = Release|Any CPU
		{E685E563-5F49-4D8D-8342-A7354229E54F}.Release|Any CPU.Build.0 = Release|Any CPU
		{E685E563-5F49-4D8D-8342-A7354229E54F}.Release|ARM.ActiveCfg = Release|Any CPU
		{E685E563-5F49-4D8D-8342-A7354229E54F}.Release|ARM.Build.0 = Release|Any CPU
		{E685E563-5F49-4D8D-8342-A7354229E54F}.Release|ARM64.ActiveCfg = Release|Any CPU
		{E685E563-5F49-4D8D-8342-A7354229E54F}.Release|ARM64.Build.0 = Release|Any CPU
		{E685E563-5F49-4D8D-8342-A7354229E54F}.Release|x64.ActiveCfg = Release|Any CPU
		{E685E563-5F49-4D8D-8342-A7354229E54F}.Release|x64.Build.0 = Release|Any CPU
		{E685E563-5F49-4D8D-8342-A7354229E54F}.Release|x86.ActiveCfg = Release|Any CPU
		{E685E563-5F49-4D8D-8342-A7354229E54F}.Release|x86.Build.0 = Release|Any CPU
		{5F27DC08-3AE5-495C-8445-43D4E7CABA63}.Debug|Any CPU.ActiveCfg = Debug|Any CPU
		{5F27DC08-3AE5-495C-8445-43D4E7CABA63}.Debug|Any CPU.Build.0 = Debug|Any CPU
		{5F27DC08-3AE5-495C-8445-43D4E7CABA63}.Debug|ARM.ActiveCfg = Debug|Any CPU
		{5F27DC08-3AE5-495C-8445-43D4E7CABA63}.Debug|ARM.Build.0 = Debug|Any CPU
		{5F27DC08-3AE5-495C-8445-43D4E7CABA63}.Debug|ARM64.ActiveCfg = Debug|Any CPU
		{5F27DC08-3AE5-495C-8445-43D4E7CABA63}.Debug|ARM64.Build.0 = Debug|Any CPU
		{5F27DC08-3AE5-495C-8445-43D4E7CABA63}.Debug|x64.ActiveCfg = Debug|Any CPU
		{5F27DC08-3AE5-495C-8445-43D4E7CABA63}.Debug|x64.Build.0 = Debug|Any CPU
		{5F27DC08-3AE5-495C-8445-43D4E7CABA63}.Debug|x86.ActiveCfg = Debug|Any CPU
		{5F27DC08-3AE5-495C-8445-43D4E7CABA63}.Debug|x86.Build.0 = Debug|Any CPU
		{5F27DC08-3AE5-495C-8445-43D4E7CABA63}.Release|Any CPU.ActiveCfg = Release|Any CPU
		{5F27DC08-3AE5-495C-8445-43D4E7CABA63}.Release|Any CPU.Build.0 = Release|Any CPU
		{5F27DC08-3AE5-495C-8445-43D4E7CABA63}.Release|ARM.ActiveCfg = Release|Any CPU
		{5F27DC08-3AE5-495C-8445-43D4E7CABA63}.Release|ARM.Build.0 = Release|Any CPU
		{5F27DC08-3AE5-495C-8445-43D4E7CABA63}.Release|ARM64.ActiveCfg = Release|Any CPU
		{5F27DC08-3AE5-495C-8445-43D4E7CABA63}.Release|ARM64.Build.0 = Release|Any CPU
		{5F27DC08-3AE5-495C-8445-43D4E7CABA63}.Release|x64.ActiveCfg = Release|Any CPU
		{5F27DC08-3AE5-495C-8445-43D4E7CABA63}.Release|x64.Build.0 = Release|Any CPU
		{5F27DC08-3AE5-495C-8445-43D4E7CABA63}.Release|x86.ActiveCfg = Release|Any CPU
		{5F27DC08-3AE5-495C-8445-43D4E7CABA63}.Release|x86.Build.0 = Release|Any CPU
		{7B242745-2E9E-4CEB-B71A-076DBE882916}.Debug|Any CPU.ActiveCfg = Debug|Any CPU
		{7B242745-2E9E-4CEB-B71A-076DBE882916}.Debug|Any CPU.Build.0 = Debug|Any CPU
		{7B242745-2E9E-4CEB-B71A-076DBE882916}.Debug|ARM.ActiveCfg = Debug|Any CPU
		{7B242745-2E9E-4CEB-B71A-076DBE882916}.Debug|ARM.Build.0 = Debug|Any CPU
		{7B242745-2E9E-4CEB-B71A-076DBE882916}.Debug|ARM64.ActiveCfg = Debug|Any CPU
		{7B242745-2E9E-4CEB-B71A-076DBE882916}.Debug|ARM64.Build.0 = Debug|Any CPU
		{7B242745-2E9E-4CEB-B71A-076DBE882916}.Debug|x64.ActiveCfg = Debug|Any CPU
		{7B242745-2E9E-4CEB-B71A-076DBE882916}.Debug|x64.Build.0 = Debug|Any CPU
		{7B242745-2E9E-4CEB-B71A-076DBE882916}.Debug|x86.ActiveCfg = Debug|Any CPU
		{7B242745-2E9E-4CEB-B71A-076DBE882916}.Debug|x86.Build.0 = Debug|Any CPU
		{7B242745-2E9E-4CEB-B71A-076DBE882916}.Release|Any CPU.ActiveCfg = Release|Any CPU
		{7B242745-2E9E-4CEB-B71A-076DBE882916}.Release|Any CPU.Build.0 = Release|Any CPU
		{7B242745-2E9E-4CEB-B71A-076DBE882916}.Release|ARM.ActiveCfg = Release|Any CPU
		{7B242745-2E9E-4CEB-B71A-076DBE882916}.Release|ARM.Build.0 = Release|Any CPU
		{7B242745-2E9E-4CEB-B71A-076DBE882916}.Release|ARM64.ActiveCfg = Release|Any CPU
		{7B242745-2E9E-4CEB-B71A-076DBE882916}.Release|ARM64.Build.0 = Release|Any CPU
		{7B242745-2E9E-4CEB-B71A-076DBE882916}.Release|x64.ActiveCfg = Release|Any CPU
		{7B242745-2E9E-4CEB-B71A-076DBE882916}.Release|x64.Build.0 = Release|Any CPU
		{7B242745-2E9E-4CEB-B71A-076DBE882916}.Release|x86.ActiveCfg = Release|Any CPU
		{7B242745-2E9E-4CEB-B71A-076DBE882916}.Release|x86.Build.0 = Release|Any CPU
		{39C336BB-2ADD-4AB5-A3F0-E4E5E1ACA6A5}.Debug|Any CPU.ActiveCfg = Debug|Any CPU
		{39C336BB-2ADD-4AB5-A3F0-E4E5E1ACA6A5}.Debug|Any CPU.Build.0 = Debug|Any CPU
		{39C336BB-2ADD-4AB5-A3F0-E4E5E1ACA6A5}.Debug|ARM.ActiveCfg = Debug|Any CPU
		{39C336BB-2ADD-4AB5-A3F0-E4E5E1ACA6A5}.Debug|ARM.Build.0 = Debug|Any CPU
		{39C336BB-2ADD-4AB5-A3F0-E4E5E1ACA6A5}.Debug|ARM64.ActiveCfg = Debug|Any CPU
		{39C336BB-2ADD-4AB5-A3F0-E4E5E1ACA6A5}.Debug|ARM64.Build.0 = Debug|Any CPU
		{39C336BB-2ADD-4AB5-A3F0-E4E5E1ACA6A5}.Debug|x64.ActiveCfg = Debug|Any CPU
		{39C336BB-2ADD-4AB5-A3F0-E4E5E1ACA6A5}.Debug|x64.Build.0 = Debug|Any CPU
		{39C336BB-2ADD-4AB5-A3F0-E4E5E1ACA6A5}.Debug|x86.ActiveCfg = Debug|Any CPU
		{39C336BB-2ADD-4AB5-A3F0-E4E5E1ACA6A5}.Debug|x86.Build.0 = Debug|Any CPU
		{39C336BB-2ADD-4AB5-A3F0-E4E5E1ACA6A5}.Release|Any CPU.ActiveCfg = Release|Any CPU
		{39C336BB-2ADD-4AB5-A3F0-E4E5E1ACA6A5}.Release|Any CPU.Build.0 = Release|Any CPU
		{39C336BB-2ADD-4AB5-A3F0-E4E5E1ACA6A5}.Release|ARM.ActiveCfg = Release|Any CPU
		{39C336BB-2ADD-4AB5-A3F0-E4E5E1ACA6A5}.Release|ARM.Build.0 = Release|Any CPU
		{39C336BB-2ADD-4AB5-A3F0-E4E5E1ACA6A5}.Release|ARM64.ActiveCfg = Release|Any CPU
		{39C336BB-2ADD-4AB5-A3F0-E4E5E1ACA6A5}.Release|ARM64.Build.0 = Release|Any CPU
		{39C336BB-2ADD-4AB5-A3F0-E4E5E1ACA6A5}.Release|x64.ActiveCfg = Release|Any CPU
		{39C336BB-2ADD-4AB5-A3F0-E4E5E1ACA6A5}.Release|x64.Build.0 = Release|Any CPU
		{39C336BB-2ADD-4AB5-A3F0-E4E5E1ACA6A5}.Release|x86.ActiveCfg = Release|Any CPU
		{39C336BB-2ADD-4AB5-A3F0-E4E5E1ACA6A5}.Release|x86.Build.0 = Release|Any CPU
		{EF6ADEB6-6923-46DE-8C63-EDE209D87855}.Debug|Any CPU.ActiveCfg = Debug|Any CPU
		{EF6ADEB6-6923-46DE-8C63-EDE209D87855}.Debug|Any CPU.Build.0 = Debug|Any CPU
		{EF6ADEB6-6923-46DE-8C63-EDE209D87855}.Debug|ARM.ActiveCfg = Debug|Any CPU
		{EF6ADEB6-6923-46DE-8C63-EDE209D87855}.Debug|ARM.Build.0 = Debug|Any CPU
		{EF6ADEB6-6923-46DE-8C63-EDE209D87855}.Debug|ARM64.ActiveCfg = Debug|Any CPU
		{EF6ADEB6-6923-46DE-8C63-EDE209D87855}.Debug|ARM64.Build.0 = Debug|Any CPU
		{EF6ADEB6-6923-46DE-8C63-EDE209D87855}.Debug|x64.ActiveCfg = Debug|Any CPU
		{EF6ADEB6-6923-46DE-8C63-EDE209D87855}.Debug|x64.Build.0 = Debug|Any CPU
		{EF6ADEB6-6923-46DE-8C63-EDE209D87855}.Debug|x86.ActiveCfg = Debug|Any CPU
		{EF6ADEB6-6923-46DE-8C63-EDE209D87855}.Debug|x86.Build.0 = Debug|Any CPU
		{EF6ADEB6-6923-46DE-8C63-EDE209D87855}.Release|Any CPU.ActiveCfg = Release|Any CPU
		{EF6ADEB6-6923-46DE-8C63-EDE209D87855}.Release|Any CPU.Build.0 = Release|Any CPU
		{EF6ADEB6-6923-46DE-8C63-EDE209D87855}.Release|ARM.ActiveCfg = Release|Any CPU
		{EF6ADEB6-6923-46DE-8C63-EDE209D87855}.Release|ARM.Build.0 = Release|Any CPU
		{EF6ADEB6-6923-46DE-8C63-EDE209D87855}.Release|ARM64.ActiveCfg = Release|Any CPU
		{EF6ADEB6-6923-46DE-8C63-EDE209D87855}.Release|ARM64.Build.0 = Release|Any CPU
		{EF6ADEB6-6923-46DE-8C63-EDE209D87855}.Release|x64.ActiveCfg = Release|Any CPU
		{EF6ADEB6-6923-46DE-8C63-EDE209D87855}.Release|x64.Build.0 = Release|Any CPU
		{EF6ADEB6-6923-46DE-8C63-EDE209D87855}.Release|x86.ActiveCfg = Release|Any CPU
		{EF6ADEB6-6923-46DE-8C63-EDE209D87855}.Release|x86.Build.0 = Release|Any CPU
		{F6BA8090-C3E2-439B-A8A5-8253940472E1}.Debug|Any CPU.ActiveCfg = Debug|Any CPU
		{F6BA8090-C3E2-439B-A8A5-8253940472E1}.Debug|Any CPU.Build.0 = Debug|Any CPU
		{F6BA8090-C3E2-439B-A8A5-8253940472E1}.Debug|ARM.ActiveCfg = Debug|Any CPU
		{F6BA8090-C3E2-439B-A8A5-8253940472E1}.Debug|ARM.Build.0 = Debug|Any CPU
		{F6BA8090-C3E2-439B-A8A5-8253940472E1}.Debug|ARM64.ActiveCfg = Debug|Any CPU
		{F6BA8090-C3E2-439B-A8A5-8253940472E1}.Debug|ARM64.Build.0 = Debug|Any CPU
		{F6BA8090-C3E2-439B-A8A5-8253940472E1}.Debug|x64.ActiveCfg = Debug|Any CPU
		{F6BA8090-C3E2-439B-A8A5-8253940472E1}.Debug|x64.Build.0 = Debug|Any CPU
		{F6BA8090-C3E2-439B-A8A5-8253940472E1}.Debug|x86.ActiveCfg = Debug|Any CPU
		{F6BA8090-C3E2-439B-A8A5-8253940472E1}.Debug|x86.Build.0 = Debug|Any CPU
		{F6BA8090-C3E2-439B-A8A5-8253940472E1}.Release|Any CPU.ActiveCfg = Release|Any CPU
		{F6BA8090-C3E2-439B-A8A5-8253940472E1}.Release|Any CPU.Build.0 = Release|Any CPU
		{F6BA8090-C3E2-439B-A8A5-8253940472E1}.Release|ARM.ActiveCfg = Release|Any CPU
		{F6BA8090-C3E2-439B-A8A5-8253940472E1}.Release|ARM.Build.0 = Release|Any CPU
		{F6BA8090-C3E2-439B-A8A5-8253940472E1}.Release|ARM64.ActiveCfg = Release|Any CPU
		{F6BA8090-C3E2-439B-A8A5-8253940472E1}.Release|ARM64.Build.0 = Release|Any CPU
		{F6BA8090-C3E2-439B-A8A5-8253940472E1}.Release|x64.ActiveCfg = Release|Any CPU
		{F6BA8090-C3E2-439B-A8A5-8253940472E1}.Release|x64.Build.0 = Release|Any CPU
		{F6BA8090-C3E2-439B-A8A5-8253940472E1}.Release|x86.ActiveCfg = Release|Any CPU
		{F6BA8090-C3E2-439B-A8A5-8253940472E1}.Release|x86.Build.0 = Release|Any CPU
		{C72B6871-D331-4119-AD7F-2A1863F640D8}.Debug|Any CPU.ActiveCfg = Debug|Any CPU
		{C72B6871-D331-4119-AD7F-2A1863F640D8}.Debug|Any CPU.Build.0 = Debug|Any CPU
		{C72B6871-D331-4119-AD7F-2A1863F640D8}.Debug|ARM.ActiveCfg = Debug|Any CPU
		{C72B6871-D331-4119-AD7F-2A1863F640D8}.Debug|ARM.Build.0 = Debug|Any CPU
		{C72B6871-D331-4119-AD7F-2A1863F640D8}.Debug|ARM64.ActiveCfg = Debug|Any CPU
		{C72B6871-D331-4119-AD7F-2A1863F640D8}.Debug|ARM64.Build.0 = Debug|Any CPU
		{C72B6871-D331-4119-AD7F-2A1863F640D8}.Debug|x64.ActiveCfg = Debug|Any CPU
		{C72B6871-D331-4119-AD7F-2A1863F640D8}.Debug|x64.Build.0 = Debug|Any CPU
		{C72B6871-D331-4119-AD7F-2A1863F640D8}.Debug|x86.ActiveCfg = Debug|Any CPU
		{C72B6871-D331-4119-AD7F-2A1863F640D8}.Debug|x86.Build.0 = Debug|Any CPU
		{C72B6871-D331-4119-AD7F-2A1863F640D8}.Release|Any CPU.ActiveCfg = Release|Any CPU
		{C72B6871-D331-4119-AD7F-2A1863F640D8}.Release|Any CPU.Build.0 = Release|Any CPU
		{C72B6871-D331-4119-AD7F-2A1863F640D8}.Release|ARM.ActiveCfg = Release|Any CPU
		{C72B6871-D331-4119-AD7F-2A1863F640D8}.Release|ARM.Build.0 = Release|Any CPU
		{C72B6871-D331-4119-AD7F-2A1863F640D8}.Release|ARM64.ActiveCfg = Release|Any CPU
		{C72B6871-D331-4119-AD7F-2A1863F640D8}.Release|ARM64.Build.0 = Release|Any CPU
		{C72B6871-D331-4119-AD7F-2A1863F640D8}.Release|x64.ActiveCfg = Release|Any CPU
		{C72B6871-D331-4119-AD7F-2A1863F640D8}.Release|x64.Build.0 = Release|Any CPU
		{C72B6871-D331-4119-AD7F-2A1863F640D8}.Release|x86.ActiveCfg = Release|Any CPU
		{C72B6871-D331-4119-AD7F-2A1863F640D8}.Release|x86.Build.0 = Release|Any CPU
		{5ACDA34A-13F8-4C69-886A-B2965810E643}.Debug|Any CPU.ActiveCfg = Debug|Any CPU
		{5ACDA34A-13F8-4C69-886A-B2965810E643}.Debug|Any CPU.Build.0 = Debug|Any CPU
		{5ACDA34A-13F8-4C69-886A-B2965810E643}.Debug|ARM.ActiveCfg = Debug|Any CPU
		{5ACDA34A-13F8-4C69-886A-B2965810E643}.Debug|ARM.Build.0 = Debug|Any CPU
		{5ACDA34A-13F8-4C69-886A-B2965810E643}.Debug|ARM64.ActiveCfg = Debug|Any CPU
		{5ACDA34A-13F8-4C69-886A-B2965810E643}.Debug|ARM64.Build.0 = Debug|Any CPU
		{5ACDA34A-13F8-4C69-886A-B2965810E643}.Debug|x64.ActiveCfg = Debug|Any CPU
		{5ACDA34A-13F8-4C69-886A-B2965810E643}.Debug|x64.Build.0 = Debug|Any CPU
		{5ACDA34A-13F8-4C69-886A-B2965810E643}.Debug|x86.ActiveCfg = Debug|Any CPU
		{5ACDA34A-13F8-4C69-886A-B2965810E643}.Debug|x86.Build.0 = Debug|Any CPU
		{5ACDA34A-13F8-4C69-886A-B2965810E643}.Release|Any CPU.ActiveCfg = Release|Any CPU
		{5ACDA34A-13F8-4C69-886A-B2965810E643}.Release|Any CPU.Build.0 = Release|Any CPU
		{5ACDA34A-13F8-4C69-886A-B2965810E643}.Release|ARM.ActiveCfg = Release|Any CPU
		{5ACDA34A-13F8-4C69-886A-B2965810E643}.Release|ARM.Build.0 = Release|Any CPU
		{5ACDA34A-13F8-4C69-886A-B2965810E643}.Release|ARM64.ActiveCfg = Release|Any CPU
		{5ACDA34A-13F8-4C69-886A-B2965810E643}.Release|ARM64.Build.0 = Release|Any CPU
		{5ACDA34A-13F8-4C69-886A-B2965810E643}.Release|x64.ActiveCfg = Release|Any CPU
		{5ACDA34A-13F8-4C69-886A-B2965810E643}.Release|x64.Build.0 = Release|Any CPU
		{5ACDA34A-13F8-4C69-886A-B2965810E643}.Release|x86.ActiveCfg = Release|Any CPU
		{5ACDA34A-13F8-4C69-886A-B2965810E643}.Release|x86.Build.0 = Release|Any CPU
		{9362E2FB-6B27-4C1C-874D-3EAA942754B8}.Debug|Any CPU.ActiveCfg = Debug|Any CPU
		{9362E2FB-6B27-4C1C-874D-3EAA942754B8}.Debug|Any CPU.Build.0 = Debug|Any CPU
		{9362E2FB-6B27-4C1C-874D-3EAA942754B8}.Debug|ARM.ActiveCfg = Debug|Any CPU
		{9362E2FB-6B27-4C1C-874D-3EAA942754B8}.Debug|ARM.Build.0 = Debug|Any CPU
		{9362E2FB-6B27-4C1C-874D-3EAA942754B8}.Debug|ARM64.ActiveCfg = Debug|Any CPU
		{9362E2FB-6B27-4C1C-874D-3EAA942754B8}.Debug|ARM64.Build.0 = Debug|Any CPU
		{9362E2FB-6B27-4C1C-874D-3EAA942754B8}.Debug|x64.ActiveCfg = Debug|Any CPU
		{9362E2FB-6B27-4C1C-874D-3EAA942754B8}.Debug|x64.Build.0 = Debug|Any CPU
		{9362E2FB-6B27-4C1C-874D-3EAA942754B8}.Debug|x86.ActiveCfg = Debug|Any CPU
		{9362E2FB-6B27-4C1C-874D-3EAA942754B8}.Debug|x86.Build.0 = Debug|Any CPU
		{9362E2FB-6B27-4C1C-874D-3EAA942754B8}.Release|Any CPU.ActiveCfg = Release|Any CPU
		{9362E2FB-6B27-4C1C-874D-3EAA942754B8}.Release|Any CPU.Build.0 = Release|Any CPU
		{9362E2FB-6B27-4C1C-874D-3EAA942754B8}.Release|ARM.ActiveCfg = Release|Any CPU
		{9362E2FB-6B27-4C1C-874D-3EAA942754B8}.Release|ARM.Build.0 = Release|Any CPU
		{9362E2FB-6B27-4C1C-874D-3EAA942754B8}.Release|ARM64.ActiveCfg = Release|Any CPU
		{9362E2FB-6B27-4C1C-874D-3EAA942754B8}.Release|ARM64.Build.0 = Release|Any CPU
		{9362E2FB-6B27-4C1C-874D-3EAA942754B8}.Release|x64.ActiveCfg = Release|Any CPU
		{9362E2FB-6B27-4C1C-874D-3EAA942754B8}.Release|x64.Build.0 = Release|Any CPU
		{9362E2FB-6B27-4C1C-874D-3EAA942754B8}.Release|x86.ActiveCfg = Release|Any CPU
		{9362E2FB-6B27-4C1C-874D-3EAA942754B8}.Release|x86.Build.0 = Release|Any CPU
		{3780D3EE-A6D7-4F38-9A1D-2BF8AB0C84B4}.Debug|Any CPU.ActiveCfg = Debug|x64
		{3780D3EE-A6D7-4F38-9A1D-2BF8AB0C84B4}.Debug|Any CPU.Build.0 = Debug|x64
		{3780D3EE-A6D7-4F38-9A1D-2BF8AB0C84B4}.Debug|Any CPU.Deploy.0 = Debug|x64
		{3780D3EE-A6D7-4F38-9A1D-2BF8AB0C84B4}.Debug|ARM.ActiveCfg = Debug|ARM
		{3780D3EE-A6D7-4F38-9A1D-2BF8AB0C84B4}.Debug|ARM.Build.0 = Debug|ARM
		{3780D3EE-A6D7-4F38-9A1D-2BF8AB0C84B4}.Debug|ARM.Deploy.0 = Debug|ARM
		{3780D3EE-A6D7-4F38-9A1D-2BF8AB0C84B4}.Debug|ARM64.ActiveCfg = Debug|ARM64
		{3780D3EE-A6D7-4F38-9A1D-2BF8AB0C84B4}.Debug|ARM64.Build.0 = Debug|ARM64
		{3780D3EE-A6D7-4F38-9A1D-2BF8AB0C84B4}.Debug|ARM64.Deploy.0 = Debug|ARM64
		{3780D3EE-A6D7-4F38-9A1D-2BF8AB0C84B4}.Debug|x64.ActiveCfg = Debug|x64
		{3780D3EE-A6D7-4F38-9A1D-2BF8AB0C84B4}.Debug|x64.Build.0 = Debug|x64
		{3780D3EE-A6D7-4F38-9A1D-2BF8AB0C84B4}.Debug|x64.Deploy.0 = Debug|x64
		{3780D3EE-A6D7-4F38-9A1D-2BF8AB0C84B4}.Debug|x86.ActiveCfg = Debug|x86
		{3780D3EE-A6D7-4F38-9A1D-2BF8AB0C84B4}.Debug|x86.Build.0 = Debug|x86
		{3780D3EE-A6D7-4F38-9A1D-2BF8AB0C84B4}.Debug|x86.Deploy.0 = Debug|x86
		{3780D3EE-A6D7-4F38-9A1D-2BF8AB0C84B4}.Release|Any CPU.ActiveCfg = Release|x64
		{3780D3EE-A6D7-4F38-9A1D-2BF8AB0C84B4}.Release|Any CPU.Build.0 = Release|x64
		{3780D3EE-A6D7-4F38-9A1D-2BF8AB0C84B4}.Release|Any CPU.Deploy.0 = Release|x64
		{3780D3EE-A6D7-4F38-9A1D-2BF8AB0C84B4}.Release|ARM.ActiveCfg = Release|ARM
		{3780D3EE-A6D7-4F38-9A1D-2BF8AB0C84B4}.Release|ARM.Build.0 = Release|ARM
		{3780D3EE-A6D7-4F38-9A1D-2BF8AB0C84B4}.Release|ARM.Deploy.0 = Release|ARM
		{3780D3EE-A6D7-4F38-9A1D-2BF8AB0C84B4}.Release|ARM64.ActiveCfg = Release|ARM64
		{3780D3EE-A6D7-4F38-9A1D-2BF8AB0C84B4}.Release|ARM64.Build.0 = Release|ARM64
		{3780D3EE-A6D7-4F38-9A1D-2BF8AB0C84B4}.Release|ARM64.Deploy.0 = Release|ARM64
		{3780D3EE-A6D7-4F38-9A1D-2BF8AB0C84B4}.Release|x64.ActiveCfg = Release|x64
		{3780D3EE-A6D7-4F38-9A1D-2BF8AB0C84B4}.Release|x64.Build.0 = Release|x64
		{3780D3EE-A6D7-4F38-9A1D-2BF8AB0C84B4}.Release|x64.Deploy.0 = Release|x64
		{3780D3EE-A6D7-4F38-9A1D-2BF8AB0C84B4}.Release|x86.ActiveCfg = Release|x86
		{3780D3EE-A6D7-4F38-9A1D-2BF8AB0C84B4}.Release|x86.Build.0 = Release|x86
		{3780D3EE-A6D7-4F38-9A1D-2BF8AB0C84B4}.Release|x86.Deploy.0 = Release|x86
		{5CD14E21-C46B-4981-B55A-612B87250F82}.Debug|Any CPU.ActiveCfg = Debug|Any CPU
		{5CD14E21-C46B-4981-B55A-612B87250F82}.Debug|Any CPU.Build.0 = Debug|Any CPU
		{5CD14E21-C46B-4981-B55A-612B87250F82}.Debug|ARM.ActiveCfg = Debug|Any CPU
		{5CD14E21-C46B-4981-B55A-612B87250F82}.Debug|ARM.Build.0 = Debug|Any CPU
		{5CD14E21-C46B-4981-B55A-612B87250F82}.Debug|ARM64.ActiveCfg = Debug|Any CPU
		{5CD14E21-C46B-4981-B55A-612B87250F82}.Debug|ARM64.Build.0 = Debug|Any CPU
		{5CD14E21-C46B-4981-B55A-612B87250F82}.Debug|x64.ActiveCfg = Debug|Any CPU
		{5CD14E21-C46B-4981-B55A-612B87250F82}.Debug|x64.Build.0 = Debug|Any CPU
		{5CD14E21-C46B-4981-B55A-612B87250F82}.Debug|x86.ActiveCfg = Debug|Any CPU
		{5CD14E21-C46B-4981-B55A-612B87250F82}.Debug|x86.Build.0 = Debug|Any CPU
		{5CD14E21-C46B-4981-B55A-612B87250F82}.Release|Any CPU.ActiveCfg = Release|Any CPU
		{5CD14E21-C46B-4981-B55A-612B87250F82}.Release|Any CPU.Build.0 = Release|Any CPU
		{5CD14E21-C46B-4981-B55A-612B87250F82}.Release|ARM.ActiveCfg = Release|Any CPU
		{5CD14E21-C46B-4981-B55A-612B87250F82}.Release|ARM.Build.0 = Release|Any CPU
		{5CD14E21-C46B-4981-B55A-612B87250F82}.Release|ARM64.ActiveCfg = Release|Any CPU
		{5CD14E21-C46B-4981-B55A-612B87250F82}.Release|ARM64.Build.0 = Release|Any CPU
		{5CD14E21-C46B-4981-B55A-612B87250F82}.Release|x64.ActiveCfg = Release|Any CPU
		{5CD14E21-C46B-4981-B55A-612B87250F82}.Release|x64.Build.0 = Release|Any CPU
		{5CD14E21-C46B-4981-B55A-612B87250F82}.Release|x86.ActiveCfg = Release|Any CPU
		{5CD14E21-C46B-4981-B55A-612B87250F82}.Release|x86.Build.0 = Release|Any CPU
		{7DED0BFD-CFC8-474A-8332-A0E352DBD1F6}.Debug|Any CPU.ActiveCfg = Debug|x64
		{7DED0BFD-CFC8-474A-8332-A0E352DBD1F6}.Debug|Any CPU.Build.0 = Debug|x64
		{7DED0BFD-CFC8-474A-8332-A0E352DBD1F6}.Debug|Any CPU.Deploy.0 = Debug|x64
		{7DED0BFD-CFC8-474A-8332-A0E352DBD1F6}.Debug|ARM.ActiveCfg = Debug|x64
		{7DED0BFD-CFC8-474A-8332-A0E352DBD1F6}.Debug|ARM.Build.0 = Debug|x64
		{7DED0BFD-CFC8-474A-8332-A0E352DBD1F6}.Debug|ARM.Deploy.0 = Debug|x64
		{7DED0BFD-CFC8-474A-8332-A0E352DBD1F6}.Debug|ARM64.ActiveCfg = Debug|arm64
		{7DED0BFD-CFC8-474A-8332-A0E352DBD1F6}.Debug|ARM64.Build.0 = Debug|arm64
		{7DED0BFD-CFC8-474A-8332-A0E352DBD1F6}.Debug|ARM64.Deploy.0 = Debug|arm64
		{7DED0BFD-CFC8-474A-8332-A0E352DBD1F6}.Debug|x64.ActiveCfg = Debug|x64
		{7DED0BFD-CFC8-474A-8332-A0E352DBD1F6}.Debug|x64.Build.0 = Debug|x64
		{7DED0BFD-CFC8-474A-8332-A0E352DBD1F6}.Debug|x64.Deploy.0 = Debug|x64
		{7DED0BFD-CFC8-474A-8332-A0E352DBD1F6}.Debug|x86.ActiveCfg = Debug|x86
		{7DED0BFD-CFC8-474A-8332-A0E352DBD1F6}.Debug|x86.Build.0 = Debug|x86
		{7DED0BFD-CFC8-474A-8332-A0E352DBD1F6}.Debug|x86.Deploy.0 = Debug|x86
		{7DED0BFD-CFC8-474A-8332-A0E352DBD1F6}.Release|Any CPU.ActiveCfg = Release|x64
		{7DED0BFD-CFC8-474A-8332-A0E352DBD1F6}.Release|Any CPU.Build.0 = Release|x64
		{7DED0BFD-CFC8-474A-8332-A0E352DBD1F6}.Release|Any CPU.Deploy.0 = Release|x64
		{7DED0BFD-CFC8-474A-8332-A0E352DBD1F6}.Release|ARM.ActiveCfg = Release|x64
		{7DED0BFD-CFC8-474A-8332-A0E352DBD1F6}.Release|ARM.Build.0 = Release|x64
		{7DED0BFD-CFC8-474A-8332-A0E352DBD1F6}.Release|ARM.Deploy.0 = Release|x64
		{7DED0BFD-CFC8-474A-8332-A0E352DBD1F6}.Release|ARM64.ActiveCfg = Release|arm64
		{7DED0BFD-CFC8-474A-8332-A0E352DBD1F6}.Release|ARM64.Build.0 = Release|arm64
		{7DED0BFD-CFC8-474A-8332-A0E352DBD1F6}.Release|ARM64.Deploy.0 = Release|arm64
		{7DED0BFD-CFC8-474A-8332-A0E352DBD1F6}.Release|x64.ActiveCfg = Release|x64
		{7DED0BFD-CFC8-474A-8332-A0E352DBD1F6}.Release|x64.Build.0 = Release|x64
		{7DED0BFD-CFC8-474A-8332-A0E352DBD1F6}.Release|x64.Deploy.0 = Release|x64
		{7DED0BFD-CFC8-474A-8332-A0E352DBD1F6}.Release|x86.ActiveCfg = Release|x86
		{7DED0BFD-CFC8-474A-8332-A0E352DBD1F6}.Release|x86.Build.0 = Release|x86
		{7DED0BFD-CFC8-474A-8332-A0E352DBD1F6}.Release|x86.Deploy.0 = Release|x86
	EndGlobalSection
	GlobalSection(SolutionProperties) = preSolution
		HideSolutionNode = FALSE
	EndGlobalSection
	GlobalSection(NestedProjects) = preSolution
		{EF6ADEB6-6923-46DE-8C63-EDE209D87855} = {839525EA-8816-4D88-8CD8-9ED4C0C5E5D8}
		{6279C845-92F8-4333-AB99-3D213163593C} = {839525EA-8816-4D88-8CD8-9ED4C0C5E5D8}
		{F6BA8090-C3E2-439B-A8A5-8253940472E1} = {839525EA-8816-4D88-8CD8-9ED4C0C5E5D8}
		{C72B6871-D331-4119-AD7F-2A1863F640D8} = {839525EA-8816-4D88-8CD8-9ED4C0C5E5D8}
		{5ACDA34A-13F8-4C69-886A-B2965810E643} = {839525EA-8816-4D88-8CD8-9ED4C0C5E5D8}
		{9362E2FB-6B27-4C1C-874D-3EAA942754B8} = {839525EA-8816-4D88-8CD8-9ED4C0C5E5D8}
		{3780D3EE-A6D7-4F38-9A1D-2BF8AB0C84B4} = {839525EA-8816-4D88-8CD8-9ED4C0C5E5D8}
		{5CD14E21-C46B-4981-B55A-612B87250F82} = {839525EA-8816-4D88-8CD8-9ED4C0C5E5D8}
		{7DED0BFD-CFC8-474A-8332-A0E352DBD1F6} = {839525EA-8816-4D88-8CD8-9ED4C0C5E5D8}
	EndGlobalSection
	GlobalSection(ExtensibilityGlobals) = postSolution
		SolutionGuid = {7BF32A94-206C-4806-9358-0E073C60C8A7}
	EndGlobalSection
	GlobalSection(SharedMSBuildProjectFiles) = preSolution
		GUI2\GUI2.Shared\GUI2.Shared.projitems*{3780d3ee-a6d7-4f38-9a1d-2bf8ab0c84b4}*SharedItemsImports = 4
		GUI2\GUI2.Shared\GUI2.Shared.projitems*{5acda34a-13f8-4c69-886a-b2965810e643}*SharedItemsImports = 5
		GUI2\GUI2.Shared\GUI2.Shared.projitems*{5cd14e21-c46b-4981-b55a-612b87250f82}*SharedItemsImports = 5
		GUI2\GUI2.Shared\GUI2.Shared.projitems*{6279c845-92f8-4333-ab99-3d213163593c}*SharedItemsImports = 13
		GUI2\GUI2.Shared\GUI2.Shared.projitems*{7ded0bfd-cfc8-474a-8332-a0e352dbd1f6}*SharedItemsImports = 5
		GUI2\GUI2.Shared\GUI2.Shared.projitems*{c72b6871-d331-4119-ad7f-2a1863f640d8}*SharedItemsImports = 5
		GUI2\GUI2.Shared\GUI2.Shared.projitems*{ef6adeb6-6923-46de-8c63-ede209d87855}*SharedItemsImports = 5
		GUI2\GUI2.Shared\GUI2.Shared.projitems*{f6ba8090-c3e2-439b-a8a5-8253940472e1}*SharedItemsImports = 5
	EndGlobalSection
EndGlobal
