
Microsoft Visual Studio Solution File, Format Version 12.00
# Visual Studio Version 17
VisualStudioVersion = 17.8.34309.116
MinimumVisualStudioVersion = 10.0.40219.1
Project("{FAE04EC0-301F-11D3-BF4B-00C04F79EFBC}") = "CLI", "CLI\CLI.csproj", "{06A18784-0637-D443-2E01-0885CF7266DF}"
EndProject
Project("{FAE04EC0-301F-11D3-BF4B-00C04F79EFBC}") = "GUI", "GUI\GUI.csproj", "{36600325-0560-EFB1-C079-4E957C39FC52}"
EndProject
Project("{FAE04EC0-301F-11D3-BF4B-00C04F79EFBC}") = "ValveResourceFormat", "ValveResourceFormat\ValveResourceFormat.csproj", "{AED0357B-C237-3618-6BAA-0F49A6ADBE12}"
EndProject
Project("{FAE04EC0-301F-11D3-BF4B-00C04F79EFBC}") = "Tests", "Tests\Tests.csproj", "{9CF47860-2CEA-F379-09D8-9AEF27965D12}"
EndProject
Global
	GlobalSection(SolutionConfigurationPlatforms) = preSolution
		Debug|Any CPU = Debug|Any CPU
		Release|Any CPU = Release|Any CPU
	EndGlobalSection
	GlobalSection(ProjectConfigurationPlatforms) = postSolution
		{06A18784-0637-D443-2E01-0885CF7266DF}.Debug|Any CPU.ActiveCfg = Debug|Any CPU
		{06A18784-0637-D443-2E01-0885CF7266DF}.Debug|Any CPU.Build.0 = Debug|Any CPU
		{06A18784-0637-D443-2E01-0885CF7266DF}.Release|Any CPU.ActiveCfg = Release|Any CPU
		{06A18784-0637-D443-2E01-0885CF7266DF}.Release|Any CPU.Build.0 = Release|Any CPU
		{36600325-0560-EFB1-C079-4E957C39FC52}.Debug|Any CPU.ActiveCfg = Debug|Any CPU
		{36600325-0560-EFB1-C079-4E957C39FC52}.Debug|Any CPU.Build.0 = Debug|Any CPU
		{36600325-0560-EFB1-C079-4E957C39FC52}.Release|Any CPU.ActiveCfg = Release|Any CPU
		{36600325-0560-EFB1-C079-4E957C39FC52}.Release|Any CPU.Build.0 = Release|Any CPU
		{AED0357B-C237-3618-6BAA-0F49A6ADBE12}.Debug|Any CPU.ActiveCfg = Debug|Any CPU
		{AED0357B-C237-3618-6BAA-0F49A6ADBE12}.Debug|Any CPU.Build.0 = Debug|Any CPU
		{AED0357B-C237-3618-6BAA-0F49A6ADBE12}.Release|Any CPU.ActiveCfg = Release|Any CPU
		{AED0357B-C237-3618-6BAA-0F49A6ADBE12}.Release|Any CPU.Build.0 = Release|Any CPU
		{9CF47860-2CEA-F379-09D8-9AEF27965D12}.Debug|Any CPU.ActiveCfg = Debug|Any CPU
		{9CF47860-2CEA-F379-09D8-9AEF27965D12}.Debug|Any CPU.Build.0 = Debug|Any CPU
		{9CF47860-2CEA-F379-09D8-9AEF27965D12}.Release|Any CPU.ActiveCfg = Release|Any CPU
		{9CF47860-2CEA-F379-09D8-9AEF27965D12}.Release|Any CPU.Build.0 = Release|Any CPU
	EndGlobalSection
	GlobalSection(SolutionProperties) = preSolution
		HideSolutionNode = FALSE
	EndGlobalSection
	GlobalSection(ExtensibilityGlobals) = postSolution
		SolutionGuid = {7BF32A94-206C-4806-9358-0E073C60C8A7}
	EndGlobalSection
EndGlobal
