
Microsoft Visual Studio Solution File, Format Version 12.00
# Visual Studio Version 17
VisualStudioVersion = 17.4.33205.214
MinimumVisualStudioVersion = 10.0.40219.1
Project("{9A19103F-16F7-4668-BE54-9A1E7A4F7556}") = "VrfFgdParser", "VrfFgdParser.csproj", "{172B4A5E-6CE2-47B9-9279-D65C4BB530CC}"
EndProject
Project("{2150E333-8FDC-42A3-9474-1A3956D46DE8}") = "Solution Items", "Solution Items", "{8B2C5082-2E1F-4D72-8935-22B42CDB8F5D}"
	ProjectSection(SolutionItems) = preProject
		FgdFileResolver.cs = FgdFileResolver.cs
	EndProjectSection
EndProject
Global
	GlobalSection(SolutionConfigurationPlatforms) = preSolution
		Debug|Any CPU = Debug|Any CPU
		Release|Any CPU = Release|Any CPU
	EndGlobalSection
	GlobalSection(ProjectConfigurationPlatforms) = postSolution
		{172B4A5E-6CE2-47B9-9279-D65C4BB530CC}.Debug|Any CPU.ActiveCfg = Debug|Any CPU
		{172B4A5E-6CE2-47B9-9279-D65C4BB530CC}.Debug|Any CPU.Build.0 = Debug|Any CPU
		{172B4A5E-6CE2-47B9-9279-D65C4BB530CC}.Release|Any CPU.ActiveCfg = Release|Any CPU
		{172B4A5E-6CE2-47B9-9279-D65C4BB530CC}.Release|Any CPU.Build.0 = Release|Any CPU
	EndGlobalSection
	GlobalSection(SolutionProperties) = preSolution
		HideSolutionNode = FALSE
	EndGlobalSection
	GlobalSection(ExtensibilityGlobals) = postSolution
		SolutionGuid = {18C2152C-EE36-4F2B-8970-206DE9ACE331}
	EndGlobalSection
EndGlobal
