
Microsoft Visual Studio Solution File, Format Version 12.00
Project("{FAE04EC0-301F-11D3-BF4B-00C04F79EFBC}") = "NodeGraphControl", "NodeGraphControl\NodeGraphControl.csproj", "{329D2374-B63C-4D82-88AB-5E628DF1449A}"
EndProject
Project("{FAE04EC0-301F-11D3-BF4B-00C04F79EFBC}") = "TestProject", "TestProject\TestProject.csproj", "{68FB9C18-76DE-458D-9B5F-97FA0CE240E0}"
EndProject
Global
	GlobalSection(SolutionConfigurationPlatforms) = preSolution
		Debug|Any CPU = Debug|Any CPU
		Release|Any CPU = Release|Any CPU
	EndGlobalSection
	GlobalSection(ProjectConfigurationPlatforms) = postSolution
		{329D2374-B63C-4D82-88AB-5E628DF1449A}.Debug|Any CPU.ActiveCfg = Debug|Any CPU
		{329D2374-B63C-4D82-88AB-5E628DF1449A}.Debug|Any CPU.Build.0 = Debug|Any CPU
		{329D2374-B63C-4D82-88AB-5E628DF1449A}.Release|Any CPU.ActiveCfg = Release|Any CPU
		{329D2374-B63C-4D82-88AB-5E628DF1449A}.Release|Any CPU.Build.0 = Release|Any CPU
		{68FB9C18-76DE-458D-9B5F-97FA0CE240E0}.Debug|Any CPU.ActiveCfg = Debug|Any CPU
		{68FB9C18-76DE-458D-9B5F-97FA0CE240E0}.Debug|Any CPU.Build.0 = Debug|Any CPU
		{68FB9C18-76DE-458D-9B5F-97FA0CE240E0}.Release|Any CPU.ActiveCfg = Release|Any CPU
		{68FB9C18-76DE-458D-9B5F-97FA0CE240E0}.Release|Any CPU.Build.0 = Release|Any CPU
	EndGlobalSection
EndGlobal
