Microsoft Visual Studio Solution File, Format Version 12.00
# Visual Studio Version 16
VisualStudioVersion = 16.0.29920.165
MinimumVisualStudioVersion = 15.0.26124.0

Project("{D954291E-2A0B-460D-934E-DC6B0785DB48}") = "GUI2.Shared", "GUI2.Shared\GUI2.Shared.shproj", "{6279C845-92F8-4333-AB99-3D213163593C}"
EndProject

Project("{FAE04EC0-301F-11D3-BF4B-00C04F79EFBC}") = "GUI2.Mobile", "GUI2.Mobile\GUI2.Mobile.csproj", "{43978D54-64F0-4D02-99E3-43E92D560007}"
EndProject

Project("{9A19103F-16F7-4668-BE54-9A1E7A4F7556}") = "GUI2.Wasm", "GUI2.Wasm\GUI2.Wasm.csproj", "{40EA03F7-8A22-4143-B251-79BAC3EB13D2}"
EndProject

Project("{9A19103F-16F7-4668-BE54-9A1E7A4F7556}") = "GUI2.Skia.Gtk", "GUI2.Skia.Gtk\GUI2.Skia.Gtk.csproj", "{A5B8155A-118F-4794-B551-C6F3CF7E5411}"
EndProject

Project("{9A19103F-16F7-4668-BE54-9A1E7A4F7556}") = "GUI2.Skia.WPF", "GUI2.Skia.WPF\GUI2.Skia.WPF.csproj", "{87080A2C-CEE3-4890-888A-6DDEBDB67F0A}"
EndProject
Project("{9A19103F-16F7-4668-BE54-9A1E7A4F7556}") = "GUI2.Skia.Wpf.Host", "GUI2.Skia.WPF.Host\GUI2.Skia.Wpf.Host.csproj", "{6CF284A4-22B1-4F05-97F4-F095C07A598E}"
EndProject

Project("{9A19103F-16F7-4668-BE54-9A1E7A4F7556}") = "GUI2.Windows", "GUI2.Windows\GUI2.Windows.csproj", "{1AA13270-F438-4864-9435-54FD806E10EA}"
EndProject

Global
	GlobalSection(SharedMSBuildProjectFiles) = preSolution
		GUI2.Shared\GUI2.Shared.projitems*{1aa13270-f438-4864-9435-54fd806e10ea}*SharedItemsImports = 5
		GUI2.Shared\GUI2.Shared.projitems*{7618FEEC-C552-4F7F-A4D3-2E02BEDA8260}*SharedItemsImports = 4
		GUI2.Shared\GUI2.Shared.projitems*{40ea03f7-8a22-4143-b251-79bac3eb13d2}*SharedItemsImports = 5
		GUI2.Shared\GUI2.Shared.projitems*{87080A2C-CEE3-4890-888A-6DDEBDB67F0A}*SharedItemsImports = 5
		GUI2.Shared\GUI2.Shared.projitems*{6279c845-92f8-4333-ab99-3d213163593c}*SharedItemsImports = 13
		GUI2.Shared\GUI2.Shared.projitems*{3780D3EE-A6D7-4F38-9A1D-2BF8AB0C84B4}*SharedItemsImports = 4
		GUI2.Shared\GUI2.Shared.projitems*{846CA9E7-27F7-40D9-AB42-3F03DCD63EDD}*SharedItemsImports = 4
		GUI2.Shared\GUI2.Shared.projitems*{a5b8155a-118f-4794-b551-c6f3cf7e5411}*SharedItemsImports = 5
		GUI2.Shared\GUI2.Shared.projitems*{43978D54-64F0-4D02-99E3-43E92D560007}*SharedItemsImports = 4
	EndGlobalSection
	GlobalSection(SolutionConfigurationPlatforms) = preSolution
		Debug|Any CPU = Debug|Any CPU
		Debug|ARM = Debug|ARM
		Debug|ARM64 = Debug|ARM64
		Debug|iPhone = Debug|iPhone
		Debug|iPhoneSimulator = Debug|iPhoneSimulator
		Debug|x64 = Debug|x64
		Debug|x86 = Debug|x86
		Release|Any CPU = Release|Any CPU
		Release|ARM = Release|ARM
		Release|ARM64 = Release|ARM64
		Release|iPhone = Release|iPhone
		Release|iPhoneSimulator = Release|iPhoneSimulator
		Release|x64 = Release|x64
		Release|x86 = Release|x86
	EndGlobalSection
	GlobalSection(ProjectConfigurationPlatforms) = postSolution
		{43978D54-64F0-4D02-99E3-43E92D560007}.Debug|Any CPU.ActiveCfg = Debug|Any CPU
		{43978D54-64F0-4D02-99E3-43E92D560007}.Debug|Any CPU.Build.0 = Debug|Any CPU
		{43978D54-64F0-4D02-99E3-43E92D560007}.Debug|Any CPU.Deploy.0 = Debug|Any CPU
		{43978D54-64F0-4D02-99E3-43E92D560007}.Debug|ARM.ActiveCfg = Debug|Any CPU
		{43978D54-64F0-4D02-99E3-43E92D560007}.Debug|ARM.Build.0 = Debug|Any CPU
		{43978D54-64F0-4D02-99E3-43E92D560007}.Debug|ARM.Deploy.0 = Debug|Any CPU
		{43978D54-64F0-4D02-99E3-43E92D560007}.Debug|ARM64.ActiveCfg = Debug|Any CPU
		{43978D54-64F0-4D02-99E3-43E92D560007}.Debug|ARM64.Build.0 = Debug|Any CPU
		{43978D54-64F0-4D02-99E3-43E92D560007}.Debug|ARM64.Deploy.0 = Debug|Any CPU
		{43978D54-64F0-4D02-99E3-43E92D560007}.Debug|iPhone.ActiveCfg = Debug|Any CPU
		{43978D54-64F0-4D02-99E3-43E92D560007}.Debug|iPhone.Build.0 = Debug|Any CPU
		{43978D54-64F0-4D02-99E3-43E92D560007}.Debug|iPhone.Deploy.0 = Debug|Any CPU
		{43978D54-64F0-4D02-99E3-43E92D560007}.Debug|iPhoneSimulator.ActiveCfg = Debug|Any CPU
		{43978D54-64F0-4D02-99E3-43E92D560007}.Debug|iPhoneSimulator.Build.0 = Debug|Any CPU
		{43978D54-64F0-4D02-99E3-43E92D560007}.Debug|iPhoneSimulator.Deploy.0 = Debug|Any CPU
		{43978D54-64F0-4D02-99E3-43E92D560007}.Debug|x64.ActiveCfg = Debug|Any CPU
		{43978D54-64F0-4D02-99E3-43E92D560007}.Debug|x64.Build.0 = Debug|Any CPU
		{43978D54-64F0-4D02-99E3-43E92D560007}.Debug|x64.Deploy.0 = Debug|Any CPU
		{43978D54-64F0-4D02-99E3-43E92D560007}.Debug|x86.ActiveCfg = Debug|Any CPU
		{43978D54-64F0-4D02-99E3-43E92D560007}.Debug|x86.Build.0 = Debug|Any CPU
		{43978D54-64F0-4D02-99E3-43E92D560007}.Debug|x86.Deploy.0 = Debug|Any CPU

		{43978D54-64F0-4D02-99E3-43E92D560007}.Release|Any CPU.ActiveCfg = Release|Any CPU
		{43978D54-64F0-4D02-99E3-43E92D560007}.Release|Any CPU.Build.0 = Release|Any CPU
		{43978D54-64F0-4D02-99E3-43E92D560007}.Release|Any CPU.Deploy.0 = Release|Any CPU
		{43978D54-64F0-4D02-99E3-43E92D560007}.Release|ARM.ActiveCfg = Release|Any CPU
		{43978D54-64F0-4D02-99E3-43E92D560007}.Release|ARM.Build.0 = Release|Any CPU
		{43978D54-64F0-4D02-99E3-43E92D560007}.Release|ARM.Deploy.0 = Release|Any CPU
		{43978D54-64F0-4D02-99E3-43E92D560007}.Release|ARM64.ActiveCfg = Release|Any CPU
		{43978D54-64F0-4D02-99E3-43E92D560007}.Release|ARM64.Build.0 = Release|Any CPU
		{43978D54-64F0-4D02-99E3-43E92D560007}.Release|ARM64.Deploy.0 = Release|Any CPU
		{43978D54-64F0-4D02-99E3-43E92D560007}.Release|iPhone.ActiveCfg = Release|Any CPU
		{43978D54-64F0-4D02-99E3-43E92D560007}.Release|iPhone.Build.0 = Release|Any CPU
		{43978D54-64F0-4D02-99E3-43E92D560007}.Release|iPhone.Deploy.0 = Release|Any CPU
		{43978D54-64F0-4D02-99E3-43E92D560007}.Release|iPhoneSimulator.ActiveCfg = Release|Any CPU
		{43978D54-64F0-4D02-99E3-43E92D560007}.Release|iPhoneSimulator.Build.0 = Release|Any CPU
		{43978D54-64F0-4D02-99E3-43E92D560007}.Release|iPhoneSimulator.Deploy.0 = Release|Any CPU
		{43978D54-64F0-4D02-99E3-43E92D560007}.Release|x64.ActiveCfg = Release|Any CPU
		{43978D54-64F0-4D02-99E3-43E92D560007}.Release|x64.Build.0 = Release|Any CPU
		{43978D54-64F0-4D02-99E3-43E92D560007}.Release|x64.Deploy.0 = Release|Any CPU
		{43978D54-64F0-4D02-99E3-43E92D560007}.Release|x86.ActiveCfg = Release|Any CPU
		{43978D54-64F0-4D02-99E3-43E92D560007}.Release|x86.Build.0 = Release|Any CPU
		{43978D54-64F0-4D02-99E3-43E92D560007}.Release|x86.Deploy.0 = Release|Any CPU
		{846CA9E7-27F7-40D9-AB42-3F03DCD63EDD}.Debug|Any CPU.ActiveCfg = Debug|iPhone
		{846CA9E7-27F7-40D9-AB42-3F03DCD63EDD}.Debug|Any CPU.Build.0 = Debug|iPhone
		{846CA9E7-27F7-40D9-AB42-3F03DCD63EDD}.Debug|Any CPU.Deploy.0 = Debug|iPhone
		{846CA9E7-27F7-40D9-AB42-3F03DCD63EDD}.Debug|ARM.ActiveCfg = Debug|iPhone
		{846CA9E7-27F7-40D9-AB42-3F03DCD63EDD}.Debug|ARM64.ActiveCfg = Debug|iPhone
		{846CA9E7-27F7-40D9-AB42-3F03DCD63EDD}.Debug|iPhone.ActiveCfg = Debug|iPhone
		{846CA9E7-27F7-40D9-AB42-3F03DCD63EDD}.Debug|iPhone.Build.0 = Debug|iPhone
		{846CA9E7-27F7-40D9-AB42-3F03DCD63EDD}.Debug|iPhoneSimulator.ActiveCfg = Debug|iPhoneSimulator
		{846CA9E7-27F7-40D9-AB42-3F03DCD63EDD}.Debug|iPhoneSimulator.Build.0 = Debug|iPhoneSimulator
		{846CA9E7-27F7-40D9-AB42-3F03DCD63EDD}.Debug|x64.ActiveCfg = Debug|iPhone
		{846CA9E7-27F7-40D9-AB42-3F03DCD63EDD}.Debug|x64.Build.0 = Debug|iPhone
		{846CA9E7-27F7-40D9-AB42-3F03DCD63EDD}.Debug|x64.Deploy.0 = Debug|iPhone
		{846CA9E7-27F7-40D9-AB42-3F03DCD63EDD}.Debug|x86.ActiveCfg = Debug|iPhoneSimulator
		{846CA9E7-27F7-40D9-AB42-3F03DCD63EDD}.Debug|x86.Build.0 = Debug|iPhoneSimulator
		{846CA9E7-27F7-40D9-AB42-3F03DCD63EDD}.Debug|x86.Deploy.0 = Debug|iPhoneSimulator
		{846CA9E7-27F7-40D9-AB42-3F03DCD63EDD}.Release|Any CPU.ActiveCfg = Release|iPhone
		{846CA9E7-27F7-40D9-AB42-3F03DCD63EDD}.Release|ARM.ActiveCfg = Release|iPhone
		{846CA9E7-27F7-40D9-AB42-3F03DCD63EDD}.Release|ARM64.ActiveCfg = Release|iPhone
		{846CA9E7-27F7-40D9-AB42-3F03DCD63EDD}.Release|iPhone.ActiveCfg = Release|iPhone
		{846CA9E7-27F7-40D9-AB42-3F03DCD63EDD}.Release|iPhone.Build.0 = Release|iPhone
		{846CA9E7-27F7-40D9-AB42-3F03DCD63EDD}.Release|iPhoneSimulator.ActiveCfg = Release|iPhoneSimulator
		{846CA9E7-27F7-40D9-AB42-3F03DCD63EDD}.Release|iPhoneSimulator.Build.0 = Release|iPhoneSimulator
		{846CA9E7-27F7-40D9-AB42-3F03DCD63EDD}.Release|x64.ActiveCfg = Release|iPhoneSimulator
		{846CA9E7-27F7-40D9-AB42-3F03DCD63EDD}.Release|x64.Build.0 = Release|iPhoneSimulator
		{846CA9E7-27F7-40D9-AB42-3F03DCD63EDD}.Release|x64.Deploy.0 = Release|iPhoneSimulator
		{846CA9E7-27F7-40D9-AB42-3F03DCD63EDD}.Release|x86.ActiveCfg = Release|iPhoneSimulator
		{846CA9E7-27F7-40D9-AB42-3F03DCD63EDD}.Release|x86.Build.0 = Release|iPhoneSimulator

		{3780D3EE-A6D7-4F38-9A1D-2BF8AB0C84B4}.Debug|Any CPU.ActiveCfg = Debug|x86
		{3780D3EE-A6D7-4F38-9A1D-2BF8AB0C84B4}.Debug|Any CPU.Build.0 = Debug|x86
		{3780D3EE-A6D7-4F38-9A1D-2BF8AB0C84B4}.Debug|Any CPU.Deploy.0 = Debug|x86
		{3780D3EE-A6D7-4F38-9A1D-2BF8AB0C84B4}.Debug|ARM.ActiveCfg = Debug|ARM
		{3780D3EE-A6D7-4F38-9A1D-2BF8AB0C84B4}.Debug|ARM.Build.0 = Debug|ARM
		{3780D3EE-A6D7-4F38-9A1D-2BF8AB0C84B4}.Debug|ARM.Deploy.0 = Debug|ARM
		{3780D3EE-A6D7-4F38-9A1D-2BF8AB0C84B4}.Debug|ARM64.ActiveCfg = Debug|ARM64
		{3780D3EE-A6D7-4F38-9A1D-2BF8AB0C84B4}.Debug|ARM64.Build.0 = Debug|ARM64
		{3780D3EE-A6D7-4F38-9A1D-2BF8AB0C84B4}.Debug|ARM64.Deploy.0 = Debug|ARM64
		{3780D3EE-A6D7-4F38-9A1D-2BF8AB0C84B4}.Debug|iPhone.ActiveCfg = Debug|x86
		{3780D3EE-A6D7-4F38-9A1D-2BF8AB0C84B4}.Debug|iPhone.Build.0 = Debug|x86
		{3780D3EE-A6D7-4F38-9A1D-2BF8AB0C84B4}.Debug|iPhone.Deploy.0 = Debug|x86
		{3780D3EE-A6D7-4F38-9A1D-2BF8AB0C84B4}.Debug|iPhoneSimulator.ActiveCfg = Debug|x86
		{3780D3EE-A6D7-4F38-9A1D-2BF8AB0C84B4}.Debug|iPhoneSimulator.Build.0 = Debug|x86
		{3780D3EE-A6D7-4F38-9A1D-2BF8AB0C84B4}.Debug|iPhoneSimulator.Deploy.0 = Debug|x86
		{3780D3EE-A6D7-4F38-9A1D-2BF8AB0C84B4}.Debug|x64.ActiveCfg = Debug|x64
		{3780D3EE-A6D7-4F38-9A1D-2BF8AB0C84B4}.Debug|x64.Build.0 = Debug|x64
		{3780D3EE-A6D7-4F38-9A1D-2BF8AB0C84B4}.Debug|x64.Deploy.0 = Debug|x64
		{3780D3EE-A6D7-4F38-9A1D-2BF8AB0C84B4}.Debug|x86.ActiveCfg = Debug|x86
		{3780D3EE-A6D7-4F38-9A1D-2BF8AB0C84B4}.Debug|x86.Build.0 = Debug|x86
		{3780D3EE-A6D7-4F38-9A1D-2BF8AB0C84B4}.Debug|x86.Deploy.0 = Debug|x86
		{3780D3EE-A6D7-4F38-9A1D-2BF8AB0C84B4}.Release|Any CPU.ActiveCfg = Release|x86
		{3780D3EE-A6D7-4F38-9A1D-2BF8AB0C84B4}.Release|ARM.ActiveCfg = Release|ARM
		{3780D3EE-A6D7-4F38-9A1D-2BF8AB0C84B4}.Release|ARM.Build.0 = Release|ARM
		{3780D3EE-A6D7-4F38-9A1D-2BF8AB0C84B4}.Release|ARM.Deploy.0 = Release|ARM
		{3780D3EE-A6D7-4F38-9A1D-2BF8AB0C84B4}.Release|ARM64.ActiveCfg = Release|ARM64
		{3780D3EE-A6D7-4F38-9A1D-2BF8AB0C84B4}.Release|ARM64.Build.0 = Release|ARM64
		{3780D3EE-A6D7-4F38-9A1D-2BF8AB0C84B4}.Release|ARM64.Deploy.0 = Release|ARM64
		{3780D3EE-A6D7-4F38-9A1D-2BF8AB0C84B4}.Release|iPhone.ActiveCfg = Release|x86
		{3780D3EE-A6D7-4F38-9A1D-2BF8AB0C84B4}.Release|iPhone.Build.0 = Release|x86
		{3780D3EE-A6D7-4F38-9A1D-2BF8AB0C84B4}.Release|iPhoneSimulator.ActiveCfg = Release|x86
		{3780D3EE-A6D7-4F38-9A1D-2BF8AB0C84B4}.Release|iPhoneSimulator.Build.0 = Release|x86
		{3780D3EE-A6D7-4F38-9A1D-2BF8AB0C84B4}.Release|iPhoneSimulator.Deploy.0 = Release|x86
		{3780D3EE-A6D7-4F38-9A1D-2BF8AB0C84B4}.Release|x64.ActiveCfg = Release|x64
		{3780D3EE-A6D7-4F38-9A1D-2BF8AB0C84B4}.Release|x64.Build.0 = Release|x64
		{3780D3EE-A6D7-4F38-9A1D-2BF8AB0C84B4}.Release|x64.Deploy.0 = Release|x64
		{3780D3EE-A6D7-4F38-9A1D-2BF8AB0C84B4}.Release|x86.ActiveCfg = Release|x86
		{3780D3EE-A6D7-4F38-9A1D-2BF8AB0C84B4}.Release|x86.Build.0 = Release|x86
		{3780D3EE-A6D7-4F38-9A1D-2BF8AB0C84B4}.Release|x86.Deploy.0 = Release|x86

		{87080A2C-CEE3-4890-888A-6DDEBDB67F0A}.Debug|Any CPU.ActiveCfg = Debug|Any CPU
		{87080A2C-CEE3-4890-888A-6DDEBDB67F0A}.Debug|Any CPU.Build.0 = Debug|Any CPU
		{87080A2C-CEE3-4890-888A-6DDEBDB67F0A}.Debug|Any CPU.Deploy.0 = Debug|Any CPU
		{87080A2C-CEE3-4890-888A-6DDEBDB67F0A}.Debug|ARM.ActiveCfg = Debug|Any CPU
		{87080A2C-CEE3-4890-888A-6DDEBDB67F0A}.Debug|ARM.Build.0 = Debug|Any CPU
		{87080A2C-CEE3-4890-888A-6DDEBDB67F0A}.Debug|ARM.Deploy.0 = Debug|Any CPU
		{87080A2C-CEE3-4890-888A-6DDEBDB67F0A}.Debug|ARM64.ActiveCfg = Debug|Any CPU
		{87080A2C-CEE3-4890-888A-6DDEBDB67F0A}.Debug|ARM64.Build.0 = Debug|Any CPU
		{87080A2C-CEE3-4890-888A-6DDEBDB67F0A}.Debug|ARM64.Deploy.0 = Debug|Any CPU
		{87080A2C-CEE3-4890-888A-6DDEBDB67F0A}.Debug|iPhone.ActiveCfg = Debug|Any CPU
		{87080A2C-CEE3-4890-888A-6DDEBDB67F0A}.Debug|iPhone.Build.0 = Debug|Any CPU
		{87080A2C-CEE3-4890-888A-6DDEBDB67F0A}.Debug|iPhone.Deploy.0 = Debug|Any CPU
		{87080A2C-CEE3-4890-888A-6DDEBDB67F0A}.Debug|iPhoneSimulator.ActiveCfg = Debug|Any CPU
		{87080A2C-CEE3-4890-888A-6DDEBDB67F0A}.Debug|iPhoneSimulator.Build.0 = Debug|Any CPU
		{87080A2C-CEE3-4890-888A-6DDEBDB67F0A}.Debug|iPhoneSimulator.Deploy.0 = Debug|Any CPU
		{87080A2C-CEE3-4890-888A-6DDEBDB67F0A}.Debug|x64.ActiveCfg = Debug|Any CPU
		{87080A2C-CEE3-4890-888A-6DDEBDB67F0A}.Debug|x64.Build.0 = Debug|Any CPU
		{87080A2C-CEE3-4890-888A-6DDEBDB67F0A}.Debug|x64.Deploy.0 = Debug|Any CPU
		{87080A2C-CEE3-4890-888A-6DDEBDB67F0A}.Debug|x86.ActiveCfg = Debug|Any CPU
		{87080A2C-CEE3-4890-888A-6DDEBDB67F0A}.Debug|x86.Build.0 = Debug|Any CPU
		{87080A2C-CEE3-4890-888A-6DDEBDB67F0A}.Debug|x86.Deploy.0 = Debug|Any CPU
		{87080A2C-CEE3-4890-888A-6DDEBDB67F0A}.Release|Any CPU.ActiveCfg = Release|Any CPU
		{87080A2C-CEE3-4890-888A-6DDEBDB67F0A}.Release|Any CPU.Build.0 = Release|Any CPU
		{87080A2C-CEE3-4890-888A-6DDEBDB67F0A}.Release|ARM.ActiveCfg = Release|Any CPU
		{87080A2C-CEE3-4890-888A-6DDEBDB67F0A}.Release|ARM.Build.0 = Release|Any CPU
		{87080A2C-CEE3-4890-888A-6DDEBDB67F0A}.Release|ARM.Deploy.0 = Release|Any CPU
		{87080A2C-CEE3-4890-888A-6DDEBDB67F0A}.Release|ARM64.ActiveCfg = Release|Any CPU
		{87080A2C-CEE3-4890-888A-6DDEBDB67F0A}.Release|ARM64.Build.0 = Release|Any CPU
		{87080A2C-CEE3-4890-888A-6DDEBDB67F0A}.Release|ARM64.Deploy.0 = Release|Any CPU
		{87080A2C-CEE3-4890-888A-6DDEBDB67F0A}.Release|iPhone.ActiveCfg = Release|Any CPU
		{87080A2C-CEE3-4890-888A-6DDEBDB67F0A}.Release|iPhone.Build.0 = Release|Any CPU
		{87080A2C-CEE3-4890-888A-6DDEBDB67F0A}.Release|iPhoneSimulator.ActiveCfg = Release|Any CPU
		{87080A2C-CEE3-4890-888A-6DDEBDB67F0A}.Release|iPhoneSimulator.Build.0 = Release|Any CPU
		{87080A2C-CEE3-4890-888A-6DDEBDB67F0A}.Release|iPhoneSimulator.Deploy.0 = Release|Any CPU
		{87080A2C-CEE3-4890-888A-6DDEBDB67F0A}.Release|x64.ActiveCfg = Release|Any CPU
		{87080A2C-CEE3-4890-888A-6DDEBDB67F0A}.Release|x64.Build.0 = Release|Any CPU
		{87080A2C-CEE3-4890-888A-6DDEBDB67F0A}.Release|x64.Deploy.0 = Release|Any CPU
		{87080A2C-CEE3-4890-888A-6DDEBDB67F0A}.Release|x86.ActiveCfg = Release|Any CPU
		{87080A2C-CEE3-4890-888A-6DDEBDB67F0A}.Release|x86.Build.0 = Release|Any CPU
		{87080A2C-CEE3-4890-888A-6DDEBDB67F0A}.Release|x86.Deploy.0 = Release|Any CPU

		{A5B8155A-118F-4794-B551-C6F3CF7E5411}.Debug|Any CPU.ActiveCfg = Debug|Any CPU
		{A5B8155A-118F-4794-B551-C6F3CF7E5411}.Debug|Any CPU.Build.0 = Debug|Any CPU
		{A5B8155A-118F-4794-B551-C6F3CF7E5411}.Debug|ARM.ActiveCfg = Debug|Any CPU
		{A5B8155A-118F-4794-B551-C6F3CF7E5411}.Debug|ARM.Build.0 = Debug|Any CPU
		{A5B8155A-118F-4794-B551-C6F3CF7E5411}.Debug|ARM64.ActiveCfg = Debug|Any CPU
		{A5B8155A-118F-4794-B551-C6F3CF7E5411}.Debug|ARM64.Build.0 = Debug|Any CPU
		{A5B8155A-118F-4794-B551-C6F3CF7E5411}.Debug|iPhone.ActiveCfg = Debug|Any CPU
		{A5B8155A-118F-4794-B551-C6F3CF7E5411}.Debug|iPhone.Build.0 = Debug|Any CPU
		{A5B8155A-118F-4794-B551-C6F3CF7E5411}.Debug|iPhoneSimulator.ActiveCfg = Debug|Any CPU
		{A5B8155A-118F-4794-B551-C6F3CF7E5411}.Debug|iPhoneSimulator.Build.0 = Debug|Any CPU
		{A5B8155A-118F-4794-B551-C6F3CF7E5411}.Debug|x64.ActiveCfg = Debug|Any CPU
		{A5B8155A-118F-4794-B551-C6F3CF7E5411}.Debug|x64.Build.0 = Debug|Any CPU
		{A5B8155A-118F-4794-B551-C6F3CF7E5411}.Debug|x86.ActiveCfg = Debug|Any CPU
		{A5B8155A-118F-4794-B551-C6F3CF7E5411}.Debug|x86.Build.0 = Debug|Any CPU
		{A5B8155A-118F-4794-B551-C6F3CF7E5411}.Release|Any CPU.ActiveCfg = Release|Any CPU
		{A5B8155A-118F-4794-B551-C6F3CF7E5411}.Release|Any CPU.Build.0 = Release|Any CPU
		{A5B8155A-118F-4794-B551-C6F3CF7E5411}.Release|ARM.ActiveCfg = Release|Any CPU
		{A5B8155A-118F-4794-B551-C6F3CF7E5411}.Release|ARM.Build.0 = Release|Any CPU
		{A5B8155A-118F-4794-B551-C6F3CF7E5411}.Release|ARM64.ActiveCfg = Release|Any CPU
		{A5B8155A-118F-4794-B551-C6F3CF7E5411}.Release|ARM64.Build.0 = Release|Any CPU
		{A5B8155A-118F-4794-B551-C6F3CF7E5411}.Release|iPhone.ActiveCfg = Release|Any CPU
		{A5B8155A-118F-4794-B551-C6F3CF7E5411}.Release|iPhone.Build.0 = Release|Any CPU
		{A5B8155A-118F-4794-B551-C6F3CF7E5411}.Release|iPhoneSimulator.ActiveCfg = Release|Any CPU
		{A5B8155A-118F-4794-B551-C6F3CF7E5411}.Release|iPhoneSimulator.Build.0 = Release|Any CPU
		{A5B8155A-118F-4794-B551-C6F3CF7E5411}.Release|x64.ActiveCfg = Release|Any CPU
		{A5B8155A-118F-4794-B551-C6F3CF7E5411}.Release|x64.Build.0 = Release|Any CPU
		{A5B8155A-118F-4794-B551-C6F3CF7E5411}.Release|x86.ActiveCfg = Release|Any CPU
		{A5B8155A-118F-4794-B551-C6F3CF7E5411}.Release|x86.Build.0 = Release|Any CPU
		{6CF284A4-22B1-4F05-97F4-F095C07A598E}.Debug|Any CPU.ActiveCfg = Debug|Any CPU
		{6CF284A4-22B1-4F05-97F4-F095C07A598E}.Debug|Any CPU.Build.0 = Debug|Any CPU
		{6CF284A4-22B1-4F05-97F4-F095C07A598E}.Debug|ARM.ActiveCfg = Debug|Any CPU
		{6CF284A4-22B1-4F05-97F4-F095C07A598E}.Debug|ARM.Build.0 = Debug|Any CPU
		{6CF284A4-22B1-4F05-97F4-F095C07A598E}.Debug|ARM64.ActiveCfg = Debug|Any CPU
		{6CF284A4-22B1-4F05-97F4-F095C07A598E}.Debug|ARM64.Build.0 = Debug|Any CPU
		{6CF284A4-22B1-4F05-97F4-F095C07A598E}.Debug|iPhone.ActiveCfg = Debug|Any CPU
		{6CF284A4-22B1-4F05-97F4-F095C07A598E}.Debug|iPhone.Build.0 = Debug|Any CPU
		{6CF284A4-22B1-4F05-97F4-F095C07A598E}.Debug|iPhoneSimulator.ActiveCfg = Debug|Any CPU
		{6CF284A4-22B1-4F05-97F4-F095C07A598E}.Debug|iPhoneSimulator.Build.0 = Debug|Any CPU
		{6CF284A4-22B1-4F05-97F4-F095C07A598E}.Debug|x64.ActiveCfg = Debug|Any CPU
		{6CF284A4-22B1-4F05-97F4-F095C07A598E}.Debug|x64.Build.0 = Debug|Any CPU
		{6CF284A4-22B1-4F05-97F4-F095C07A598E}.Debug|x86.ActiveCfg = Debug|Any CPU
		{6CF284A4-22B1-4F05-97F4-F095C07A598E}.Debug|x86.Build.0 = Debug|Any CPU
		{6CF284A4-22B1-4F05-97F4-F095C07A598E}.Release|Any CPU.ActiveCfg = Release|Any CPU
		{6CF284A4-22B1-4F05-97F4-F095C07A598E}.Release|Any CPU.Build.0 = Release|Any CPU
		{6CF284A4-22B1-4F05-97F4-F095C07A598E}.Release|ARM.ActiveCfg = Release|Any CPU
		{6CF284A4-22B1-4F05-97F4-F095C07A598E}.Release|ARM.Build.0 = Release|Any CPU
		{6CF284A4-22B1-4F05-97F4-F095C07A598E}.Release|ARM64.ActiveCfg = Release|Any CPU
		{6CF284A4-22B1-4F05-97F4-F095C07A598E}.Release|ARM64.Build.0 = Release|Any CPU
		{6CF284A4-22B1-4F05-97F4-F095C07A598E}.Release|iPhone.ActiveCfg = Release|Any CPU
		{6CF284A4-22B1-4F05-97F4-F095C07A598E}.Release|iPhone.Build.0 = Release|Any CPU
		{6CF284A4-22B1-4F05-97F4-F095C07A598E}.Release|iPhoneSimulator.ActiveCfg = Release|Any CPU
		{6CF284A4-22B1-4F05-97F4-F095C07A598E}.Release|iPhoneSimulator.Build.0 = Release|Any CPU
		{6CF284A4-22B1-4F05-97F4-F095C07A598E}.Release|x64.ActiveCfg = Release|Any CPU
		{6CF284A4-22B1-4F05-97F4-F095C07A598E}.Release|x64.Build.0 = Release|Any CPU
		{6CF284A4-22B1-4F05-97F4-F095C07A598E}.Release|x86.ActiveCfg = Release|Any CPU
		{6CF284A4-22B1-4F05-97F4-F095C07A598E}.Release|x86.Build.0 = Release|Any CPU
		{1AA13270-F438-4864-9435-54FD806E10EA}.Debug|Any CPU.ActiveCfg = Debug|x86
		{1AA13270-F438-4864-9435-54FD806E10EA}.Debug|Any CPU.Build.0 = Debug|x86
		{1AA13270-F438-4864-9435-54FD806E10EA}.Debug|ARM.ActiveCfg = Debug|Any CPU
		{1AA13270-F438-4864-9435-54FD806E10EA}.Debug|ARM.Build.0 = Debug|Any CPU
		{1AA13270-F438-4864-9435-54FD806E10EA}.Debug|ARM64.ActiveCfg = Debug|x86
		{1AA13270-F438-4864-9435-54FD806E10EA}.Debug|ARM64.Build.0 = Debug|x86
		{1AA13270-F438-4864-9435-54FD806E10EA}.Debug|iPhone.ActiveCfg = Debug|Any CPU
		{1AA13270-F438-4864-9435-54FD806E10EA}.Debug|iPhone.Build.0 = Debug|Any CPU
		{1AA13270-F438-4864-9435-54FD806E10EA}.Debug|iPhoneSimulator.ActiveCfg = Debug|Any CPU
		{1AA13270-F438-4864-9435-54FD806E10EA}.Debug|iPhoneSimulator.Build.0 = Debug|Any CPU
		{1AA13270-F438-4864-9435-54FD806E10EA}.Debug|x64.ActiveCfg = Debug|x86
		{1AA13270-F438-4864-9435-54FD806E10EA}.Debug|x64.Build.0 = Debug|x86
		{1AA13270-F438-4864-9435-54FD806E10EA}.Debug|x86.ActiveCfg = Debug|x86
		{1AA13270-F438-4864-9435-54FD806E10EA}.Debug|x86.Build.0 = Debug|x86
		{1AA13270-F438-4864-9435-54FD806E10EA}.Release|Any CPU.ActiveCfg = Release|Any CPU
		{1AA13270-F438-4864-9435-54FD806E10EA}.Release|Any CPU.Build.0 = Release|Any CPU
		{1AA13270-F438-4864-9435-54FD806E10EA}.Release|ARM.ActiveCfg = Release|Any CPU
		{1AA13270-F438-4864-9435-54FD806E10EA}.Release|ARM.Build.0 = Release|Any CPU
		{1AA13270-F438-4864-9435-54FD806E10EA}.Release|ARM64.ActiveCfg = Release|x86
		{1AA13270-F438-4864-9435-54FD806E10EA}.Release|ARM64.Build.0 = Release|x86
		{1AA13270-F438-4864-9435-54FD806E10EA}.Release|iPhone.ActiveCfg = Release|Any CPU
		{1AA13270-F438-4864-9435-54FD806E10EA}.Release|iPhone.Build.0 = Release|Any CPU
		{1AA13270-F438-4864-9435-54FD806E10EA}.Release|iPhoneSimulator.ActiveCfg = Release|Any CPU
		{1AA13270-F438-4864-9435-54FD806E10EA}.Release|iPhoneSimulator.Build.0 = Release|Any CPU
		{1AA13270-F438-4864-9435-54FD806E10EA}.Release|x64.ActiveCfg = Release|x86
		{1AA13270-F438-4864-9435-54FD806E10EA}.Release|x64.Build.0 = Release|x86
		{1AA13270-F438-4864-9435-54FD806E10EA}.Release|x86.ActiveCfg = Release|x86
		{1AA13270-F438-4864-9435-54FD806E10EA}.Release|x86.Build.0 = Release|x86

		{40EA03F7-8A22-4143-B251-79BAC3EB13D2}.Debug|Any CPU.ActiveCfg = Debug|Any CPU
		{40EA03F7-8A22-4143-B251-79BAC3EB13D2}.Debug|Any CPU.Build.0 = Debug|Any CPU
		{40EA03F7-8A22-4143-B251-79BAC3EB13D2}.Debug|ARM.ActiveCfg = Debug|Any CPU
		{40EA03F7-8A22-4143-B251-79BAC3EB13D2}.Debug|ARM.Build.0 = Debug|Any CPU
		{40EA03F7-8A22-4143-B251-79BAC3EB13D2}.Debug|ARM64.ActiveCfg = Debug|Any CPU
		{40EA03F7-8A22-4143-B251-79BAC3EB13D2}.Debug|ARM64.Build.0 = Debug|Any CPU
		{40EA03F7-8A22-4143-B251-79BAC3EB13D2}.Debug|iPhone.ActiveCfg = Debug|Any CPU
		{40EA03F7-8A22-4143-B251-79BAC3EB13D2}.Debug|iPhone.Build.0 = Debug|Any CPU
		{40EA03F7-8A22-4143-B251-79BAC3EB13D2}.Debug|iPhoneSimulator.ActiveCfg = Debug|Any CPU
		{40EA03F7-8A22-4143-B251-79BAC3EB13D2}.Debug|iPhoneSimulator.Build.0 = Debug|Any CPU
		{40EA03F7-8A22-4143-B251-79BAC3EB13D2}.Debug|x64.ActiveCfg = Debug|Any CPU
		{40EA03F7-8A22-4143-B251-79BAC3EB13D2}.Debug|x64.Build.0 = Debug|Any CPU
		{40EA03F7-8A22-4143-B251-79BAC3EB13D2}.Debug|x86.ActiveCfg = Debug|Any CPU
		{40EA03F7-8A22-4143-B251-79BAC3EB13D2}.Debug|x86.Build.0 = Debug|Any CPU
		{40EA03F7-8A22-4143-B251-79BAC3EB13D2}.Release|Any CPU.ActiveCfg = Release|Any CPU
		{40EA03F7-8A22-4143-B251-79BAC3EB13D2}.Release|Any CPU.Build.0 = Release|Any CPU
		{40EA03F7-8A22-4143-B251-79BAC3EB13D2}.Release|ARM.ActiveCfg = Release|Any CPU
		{40EA03F7-8A22-4143-B251-79BAC3EB13D2}.Release|ARM.Build.0 = Release|Any CPU
		{40EA03F7-8A22-4143-B251-79BAC3EB13D2}.Release|ARM64.ActiveCfg = Release|Any CPU
		{40EA03F7-8A22-4143-B251-79BAC3EB13D2}.Release|ARM64.Build.0 = Release|Any CPU
		{40EA03F7-8A22-4143-B251-79BAC3EB13D2}.Release|iPhone.ActiveCfg = Release|Any CPU
		{40EA03F7-8A22-4143-B251-79BAC3EB13D2}.Release|iPhone.Build.0 = Release|Any CPU
		{40EA03F7-8A22-4143-B251-79BAC3EB13D2}.Release|iPhoneSimulator.ActiveCfg = Release|Any CPU
		{40EA03F7-8A22-4143-B251-79BAC3EB13D2}.Release|iPhoneSimulator.Build.0 = Release|Any CPU
		{40EA03F7-8A22-4143-B251-79BAC3EB13D2}.Release|x64.ActiveCfg = Release|Any CPU
		{40EA03F7-8A22-4143-B251-79BAC3EB13D2}.Release|x64.Build.0 = Release|Any CPU
		{40EA03F7-8A22-4143-B251-79BAC3EB13D2}.Release|x86.ActiveCfg = Release|Any CPU
		{40EA03F7-8A22-4143-B251-79BAC3EB13D2}.Release|x86.Build.0 = Release|Any CPU

		{7618FEEC-C552-4F7F-A4D3-2E02BEDA8260}.Debug|Any CPU.ActiveCfg = Debug|iPhoneSimulator
		{7618FEEC-C552-4F7F-A4D3-2E02BEDA8260}.Debug|Any CPU.Build.0 = Debug|iPhoneSimulator
		{7618FEEC-C552-4F7F-A4D3-2E02BEDA8260}.Debug|ARM.ActiveCfg = Debug|iPhoneSimulator
		{7618FEEC-C552-4F7F-A4D3-2E02BEDA8260}.Debug|ARM64.ActiveCfg = Debug|iPhoneSimulator
		{7618FEEC-C552-4F7F-A4D3-2E02BEDA8260}.Debug|iPhone.ActiveCfg = Debug|iPhoneSimulator
		{7618FEEC-C552-4F7F-A4D3-2E02BEDA8260}.Debug|iPhone.Build.0 = Debug|iPhoneSimulator
		{7618FEEC-C552-4F7F-A4D3-2E02BEDA8260}.Debug|iPhoneSimulator.ActiveCfg = Debug|iPhoneSimulator
		{7618FEEC-C552-4F7F-A4D3-2E02BEDA8260}.Debug|iPhoneSimulator.Build.0 = Debug|iPhoneSimulator
		{7618FEEC-C552-4F7F-A4D3-2E02BEDA8260}.Debug|x64.ActiveCfg = Debug|iPhoneSimulator
		{7618FEEC-C552-4F7F-A4D3-2E02BEDA8260}.Debug|x64.Build.0 = Debug|iPhoneSimulator
		{7618FEEC-C552-4F7F-A4D3-2E02BEDA8260}.Debug|x86.ActiveCfg = Debug|iPhoneSimulator
		{7618FEEC-C552-4F7F-A4D3-2E02BEDA8260}.Debug|x86.Build.0 = Debug|iPhoneSimulator
		{7618FEEC-C552-4F7F-A4D3-2E02BEDA8260}.Release|Any CPU.ActiveCfg = Release|iPhoneSimulator
		{7618FEEC-C552-4F7F-A4D3-2E02BEDA8260}.Release|ARM.ActiveCfg = Release|iPhoneSimulator
		{7618FEEC-C552-4F7F-A4D3-2E02BEDA8260}.Release|ARM64.ActiveCfg = Release|iPhoneSimulator
		{7618FEEC-C552-4F7F-A4D3-2E02BEDA8260}.Release|iPhone.ActiveCfg = Release|iPhoneSimulator
		{7618FEEC-C552-4F7F-A4D3-2E02BEDA8260}.Release|iPhone.Build.0 = Release|iPhoneSimulator
		{7618FEEC-C552-4F7F-A4D3-2E02BEDA8260}.Release|iPhoneSimulator.ActiveCfg = Release|iPhoneSimulator
		{7618FEEC-C552-4F7F-A4D3-2E02BEDA8260}.Release|iPhoneSimulator.Build.0 = Release|iPhoneSimulator
		{7618FEEC-C552-4F7F-A4D3-2E02BEDA8260}.Release|x64.ActiveCfg = Release|iPhoneSimulator
		{7618FEEC-C552-4F7F-A4D3-2E02BEDA8260}.Release|x64.Build.0 = Release|iPhoneSimulator
		{7618FEEC-C552-4F7F-A4D3-2E02BEDA8260}.Release|x86.ActiveCfg = Release|iPhoneSimulator
		{7618FEEC-C552-4F7F-A4D3-2E02BEDA8260}.Release|x86.Build.0 = Release|iPhoneSimulator

		{04D3A50A-BD96-4168-A331-3AC5E63800DE}.Debug|Any CPU.ActiveCfg = Debug|arm64
		{04D3A50A-BD96-4168-A331-3AC5E63800DE}.Debug|Any CPU.Build.0 = Debug|arm64
		{04D3A50A-BD96-4168-A331-3AC5E63800DE}.Debug|ARM.ActiveCfg = Debug|Any CPU
		{04D3A50A-BD96-4168-A331-3AC5E63800DE}.Debug|ARM.Build.0 = Debug|Any CPU
		{04D3A50A-BD96-4168-A331-3AC5E63800DE}.Debug|ARM64.ActiveCfg = Debug|arm64
		{04D3A50A-BD96-4168-A331-3AC5E63800DE}.Debug|ARM64.Build.0 = Debug|arm64
		{04D3A50A-BD96-4168-A331-3AC5E63800DE}.Debug|iPhone.ActiveCfg = Debug|Any CPU
		{04D3A50A-BD96-4168-A331-3AC5E63800DE}.Debug|iPhone.Build.0 = Debug|Any CPU
		{04D3A50A-BD96-4168-A331-3AC5E63800DE}.Debug|iPhoneSimulator.ActiveCfg = Debug|Any CPU
		{04D3A50A-BD96-4168-A331-3AC5E63800DE}.Debug|iPhoneSimulator.Build.0 = Debug|Any CPU
		{04D3A50A-BD96-4168-A331-3AC5E63800DE}.Debug|x64.ActiveCfg = Debug|x64
		{04D3A50A-BD96-4168-A331-3AC5E63800DE}.Debug|x64.Build.0 = Debug|x64
		{04D3A50A-BD96-4168-A331-3AC5E63800DE}.Debug|x86.ActiveCfg = Debug|x86
		{04D3A50A-BD96-4168-A331-3AC5E63800DE}.Debug|x86.Build.0 = Debug|x86
		{04D3A50A-BD96-4168-A331-3AC5E63800DE}.Release|Any CPU.ActiveCfg = Release|Any CPU
		{04D3A50A-BD96-4168-A331-3AC5E63800DE}.Release|Any CPU.Build.0 = Release|Any CPU
		{04D3A50A-BD96-4168-A331-3AC5E63800DE}.Release|ARM.ActiveCfg = Release|Any CPU
		{04D3A50A-BD96-4168-A331-3AC5E63800DE}.Release|ARM.Build.0 = Release|Any CPU
		{04D3A50A-BD96-4168-A331-3AC5E63800DE}.Release|ARM64.ActiveCfg = Release|arm64
		{04D3A50A-BD96-4168-A331-3AC5E63800DE}.Release|ARM64.Build.0 = Release|arm64
		{04D3A50A-BD96-4168-A331-3AC5E63800DE}.Release|iPhone.ActiveCfg = Release|Any CPU
		{04D3A50A-BD96-4168-A331-3AC5E63800DE}.Release|iPhone.Build.0 = Release|Any CPU
		{04D3A50A-BD96-4168-A331-3AC5E63800DE}.Release|iPhoneSimulator.ActiveCfg = Release|Any CPU
		{04D3A50A-BD96-4168-A331-3AC5E63800DE}.Release|iPhoneSimulator.Build.0 = Release|Any CPU
		{04D3A50A-BD96-4168-A331-3AC5E63800DE}.Release|x64.ActiveCfg = Release|x64
		{04D3A50A-BD96-4168-A331-3AC5E63800DE}.Release|x64.Build.0 = Release|x64
		{04D3A50A-BD96-4168-A331-3AC5E63800DE}.Release|x86.ActiveCfg = Release|x86
		{04D3A50A-BD96-4168-A331-3AC5E63800DE}.Release|x86.Build.0 = Release|x86

	EndGlobalSection
	GlobalSection(SolutionProperties) = preSolution
		HideSolutionNode = FALSE
	EndGlobalSection
	GlobalSection(ExtensibilityGlobals) = postSolution
		SolutionGuid = {C7433AE2-B1A0-4C1A-887E-5CAA7AAF67A6}
	EndGlobalSection
EndGlobal
