
Microsoft Visual Studio Solution File, Format Version 12.00
# Visual Studio Version 17
VisualStudioVersion = 17.4.33205.214
MinimumVisualStudioVersion = 10.0.40219.1
Project("{9A19103F-16F7-4668-BE54-9A1E7A4F7556}") = "MurmurHashMatcher", "MurmurHashMatcher.csproj", "{CACE0174-22D2-45C3-ABB5-5DD98A55B142}"
EndProject
Project("{9A19103F-16F7-4668-BE54-9A1E7A4F7556}") = "ValveResourceFormat", "..\..\ValveResourceFormat\ValveResourceFormat.csproj", "{C16140B8-5E54-44AC-96CB-E4823E6E293A}"
EndProject
Global
	GlobalSection(SolutionConfigurationPlatforms) = preSolution
		Debug|Any CPU = Debug|Any CPU
		Release|Any CPU = Release|Any CPU
	EndGlobalSection
	GlobalSection(ProjectConfigurationPlatforms) = postSolution
		{CACE0174-22D2-45C3-ABB5-5DD98A55B142}.Debug|Any CPU.ActiveCfg = Debug|Any CPU
		{CACE0174-22D2-45C3-ABB5-5DD98A55B142}.Debug|Any CPU.Build.0 = Debug|Any CPU
		{CACE0174-22D2-45C3-ABB5-5DD98A55B142}.Release|Any CPU.ActiveCfg = Release|Any CPU
		{CACE0174-22D2-45C3-ABB5-5DD98A55B142}.Release|Any CPU.Build.0 = Release|Any CPU
		{C16140B8-5E54-44AC-96CB-E4823E6E293A}.Debug|Any CPU.ActiveCfg = Debug|Any CPU
		{C16140B8-5E54-44AC-96CB-E4823E6E293A}.Debug|Any CPU.Build.0 = Debug|Any CPU
		{C16140B8-5E54-44AC-96CB-E4823E6E293A}.Release|Any CPU.ActiveCfg = Release|Any CPU
		{C16140B8-5E54-44AC-96CB-E4823E6E293A}.Release|Any CPU.Build.0 = Release|Any CPU
	EndGlobalSection
	GlobalSection(SolutionProperties) = preSolution
		HideSolutionNode = FALSE
	EndGlobalSection
	GlobalSection(ExtensibilityGlobals) = postSolution
		SolutionGuid = {21F0D89B-7BD4-45A0-95BE-F738672B8171}
	EndGlobalSection
EndGlobal
